// !$*UTF8*$!
{
	archiveVersion = 1;
	classes = {
	};
	objectVersion = 56;
	objects = {

/* Begin PBXBuildFile section */
		00934CFF2A73187B00A76A26 /* ElixirConfChessApp.swift in Sources */ = {isa = PBXBuildFile; fileRef = 00934CFE2A73187B00A76A26 /* ElixirConfChessApp.swift */; };
		00934D012A73187B00A76A26 /* ContentView.swift in Sources */ = {isa = PBXBuildFile; fileRef = 00934D002A73187B00A76A26 /* ContentView.swift */; };
		00934D032A73187D00A76A26 /* Assets.xcassets in Resources */ = {isa = PBXBuildFile; fileRef = 00934D022A73187D00A76A26 /* Assets.xcassets */; };
		00934D072A73187D00A76A26 /* Preview Assets.xcassets in Resources */ = {isa = PBXBuildFile; fileRef = 00934D062A73187D00A76A26 /* Preview Assets.xcassets */; };
		00934D0F2A7318BE00A76A26 /* LiveViewNative in Frameworks */ = {isa = PBXBuildFile; productRef = 00934D0E2A7318BE00A76A26 /* LiveViewNative */; };
		00934D332A748C3100A76A26 /* ElixirConfChessWatch Watch App.app in Embed Watch Content */ = {isa = PBXBuildFile; fileRef = 00934D322A748C3100A76A26 /* ElixirConfChessWatch Watch App.app */; settings = {ATTRIBUTES = (RemoveHeadersOnCopy, ); }; };
		00934D382A748C3100A76A26 /* ElixirConfChessWatchApp.swift in Sources */ = {isa = PBXBuildFile; fileRef = 00934D372A748C3100A76A26 /* ElixirConfChessWatchApp.swift */; };
		00934D3A2A748C3100A76A26 /* ContentView.swift in Sources */ = {isa = PBXBuildFile; fileRef = 00934D392A748C3100A76A26 /* ContentView.swift */; };
		00934D3C2A748C3300A76A26 /* Assets.xcassets in Resources */ = {isa = PBXBuildFile; fileRef = 00934D3B2A748C3300A76A26 /* Assets.xcassets */; };
		00934D3F2A748C3300A76A26 /* Preview Assets.xcassets in Resources */ = {isa = PBXBuildFile; fileRef = 00934D3E2A748C3300A76A26 /* Preview Assets.xcassets */; };
		00934D482A748C4000A76A26 /* LiveViewNative in Frameworks */ = {isa = PBXBuildFile; productRef = 00934D472A748C4000A76A26 /* LiveViewNative */; };
		00CDF06C2A7C32E4004BF4C5 /* ConnectionErrorView.swift in Sources */ = {isa = PBXBuildFile; fileRef = 00CDF06B2A7C32E4004BF4C5 /* ConnectionErrorView.swift */; };
		00CDF06E2A7C3304004BF4C5 /* ChessProgressViewStyle.swift in Sources */ = {isa = PBXBuildFile; fileRef = 00CDF06D2A7C3304004BF4C5 /* ChessProgressViewStyle.swift */; };
/* End PBXBuildFile section */

/* Begin PBXContainerItemProxy section */
		00934D342A748C3100A76A26 /* PBXContainerItemProxy */ = {
			isa = PBXContainerItemProxy;
			containerPortal = 00934CF32A73187B00A76A26 /* Project object */;
			proxyType = 1;
			remoteGlobalIDString = 00934D312A748C3100A76A26;
			remoteInfo = "ElixirConfChessWatch Watch App";
		};
/* End PBXContainerItemProxy section */

/* Begin PBXCopyFilesBuildPhase section */
		00934D252A748A3300A76A26 /* Embed Watch Content */ = {
			isa = PBXCopyFilesBuildPhase;
			buildActionMask = 2147483647;
			dstPath = "$(CONTENTS_FOLDER_PATH)/Watch";
			dstSubfolderSpec = 16;
			files = (
			);
			name = "Embed Watch Content";
			runOnlyForDeploymentPostprocessing = 0;
		};
		00934D432A748C3300A76A26 /* Embed Watch Content */ = {
			isa = PBXCopyFilesBuildPhase;
			buildActionMask = 2147483647;
			dstPath = "$(CONTENTS_FOLDER_PATH)/Watch";
			dstSubfolderSpec = 16;
			files = (
				00934D332A748C3100A76A26 /* ElixirConfChessWatch Watch App.app in Embed Watch Content */,
			);
			name = "Embed Watch Content";
			runOnlyForDeploymentPostprocessing = 0;
		};
/* End PBXCopyFilesBuildPhase section */

/* Begin PBXFileReference section */
		00934CFB2A73187B00A76A26 /* ElixirConfChess.app */ = {isa = PBXFileReference; explicitFileType = wrapper.application; includeInIndex = 0; path = ElixirConfChess.app; sourceTree = BUILT_PRODUCTS_DIR; };
		00934CFE2A73187B00A76A26 /* ElixirConfChessApp.swift */ = {isa = PBXFileReference; lastKnownFileType = sourcecode.swift; path = ElixirConfChessApp.swift; sourceTree = "<group>"; };
		00934D002A73187B00A76A26 /* ContentView.swift */ = {isa = PBXFileReference; lastKnownFileType = sourcecode.swift; path = ContentView.swift; sourceTree = "<group>"; };
		00934D022A73187D00A76A26 /* Assets.xcassets */ = {isa = PBXFileReference; lastKnownFileType = folder.assetcatalog; path = Assets.xcassets; sourceTree = "<group>"; };
		00934D042A73187D00A76A26 /* ElixirConfChess.entitlements */ = {isa = PBXFileReference; lastKnownFileType = text.plist.entitlements; path = ElixirConfChess.entitlements; sourceTree = "<group>"; };
		00934D062A73187D00A76A26 /* Preview Assets.xcassets */ = {isa = PBXFileReference; lastKnownFileType = folder.assetcatalog; path = "Preview Assets.xcassets"; sourceTree = "<group>"; };
		00934D2D2A748C3100A76A26 /* ElixirConfChessWatch.app */ = {isa = PBXFileReference; explicitFileType = wrapper.application; includeInIndex = 0; path = ElixirConfChessWatch.app; sourceTree = BUILT_PRODUCTS_DIR; };
		00934D322A748C3100A76A26 /* ElixirConfChessWatch Watch App.app */ = {isa = PBXFileReference; explicitFileType = wrapper.application; includeInIndex = 0; path = "ElixirConfChessWatch Watch App.app"; sourceTree = BUILT_PRODUCTS_DIR; };
		00934D372A748C3100A76A26 /* ElixirConfChessWatchApp.swift */ = {isa = PBXFileReference; lastKnownFileType = sourcecode.swift; path = ElixirConfChessWatchApp.swift; sourceTree = "<group>"; };
		00934D392A748C3100A76A26 /* ContentView.swift */ = {isa = PBXFileReference; lastKnownFileType = sourcecode.swift; path = ContentView.swift; sourceTree = "<group>"; };
		00934D3B2A748C3300A76A26 /* Assets.xcassets */ = {isa = PBXFileReference; lastKnownFileType = folder.assetcatalog; path = Assets.xcassets; sourceTree = "<group>"; };
		00934D3E2A748C3300A76A26 /* Preview Assets.xcassets */ = {isa = PBXFileReference; lastKnownFileType = folder.assetcatalog; path = "Preview Assets.xcassets"; sourceTree = "<group>"; };
		00CDF06B2A7C32E4004BF4C5 /* ConnectionErrorView.swift */ = {isa = PBXFileReference; lastKnownFileType = sourcecode.swift; path = ConnectionErrorView.swift; sourceTree = "<group>"; };
		00CDF06D2A7C3304004BF4C5 /* ChessProgressViewStyle.swift */ = {isa = PBXFileReference; lastKnownFileType = sourcecode.swift; path = ChessProgressViewStyle.swift; sourceTree = "<group>"; };
		00CDF06F2A7C450A004BF4C5 /* Info.plist */ = {isa = PBXFileReference; lastKnownFileType = text.plist; path = Info.plist; sourceTree = "<group>"; };
/* End PBXFileReference section */

/* Begin PBXFrameworksBuildPhase section */
		00934CF82A73187B00A76A26 /* Frameworks */ = {
			isa = PBXFrameworksBuildPhase;
			buildActionMask = 2147483647;
			files = (
				00934D0F2A7318BE00A76A26 /* LiveViewNative in Frameworks */,
			);
			runOnlyForDeploymentPostprocessing = 0;
		};
		00934D2F2A748C3100A76A26 /* Frameworks */ = {
			isa = PBXFrameworksBuildPhase;
			buildActionMask = 2147483647;
			files = (
				00934D482A748C4000A76A26 /* LiveViewNative in Frameworks */,
			);
			runOnlyForDeploymentPostprocessing = 0;
		};
/* End PBXFrameworksBuildPhase section */

/* Begin PBXGroup section */
		00934CF22A73187B00A76A26 = {
			isa = PBXGroup;
			children = (
				00934CFD2A73187B00A76A26 /* ElixirConfChess */,
				00934D362A748C3100A76A26 /* ElixirConfChessWatch Watch App */,
				00934CFC2A73187B00A76A26 /* Products */,
				00934D262A748B6A00A76A26 /* Frameworks */,
			);
			sourceTree = "<group>";
		};
		00934CFC2A73187B00A76A26 /* Products */ = {
			isa = PBXGroup;
			children = (
				00934CFB2A73187B00A76A26 /* ElixirConfChess.app */,
				00934D2D2A748C3100A76A26 /* ElixirConfChessWatch.app */,
				00934D322A748C3100A76A26 /* ElixirConfChessWatch Watch App.app */,
			);
			name = Products;
			sourceTree = "<group>";
		};
		00934CFD2A73187B00A76A26 /* ElixirConfChess */ = {
			isa = PBXGroup;
			children = (
				00CDF06F2A7C450A004BF4C5 /* Info.plist */,
				00934CFE2A73187B00A76A26 /* ElixirConfChessApp.swift */,
				00934D002A73187B00A76A26 /* ContentView.swift */,
				00934D022A73187D00A76A26 /* Assets.xcassets */,
				00934D042A73187D00A76A26 /* ElixirConfChess.entitlements */,
				00934D052A73187D00A76A26 /* Preview Content */,
				00CDF06B2A7C32E4004BF4C5 /* ConnectionErrorView.swift */,
				00CDF06D2A7C3304004BF4C5 /* ChessProgressViewStyle.swift */,
			);
			path = ElixirConfChess;
			sourceTree = "<group>";
		};
		00934D052A73187D00A76A26 /* Preview Content */ = {
			isa = PBXGroup;
			children = (
				00934D062A73187D00A76A26 /* Preview Assets.xcassets */,
			);
			path = "Preview Content";
			sourceTree = "<group>";
		};
		00934D262A748B6A00A76A26 /* Frameworks */ = {
			isa = PBXGroup;
			children = (
			);
			name = Frameworks;
			sourceTree = "<group>";
		};
		00934D362A748C3100A76A26 /* ElixirConfChessWatch Watch App */ = {
			isa = PBXGroup;
			children = (
				00934D372A748C3100A76A26 /* ElixirConfChessWatchApp.swift */,
				00934D392A748C3100A76A26 /* ContentView.swift */,
				00934D3B2A748C3300A76A26 /* Assets.xcassets */,
				00934D3D2A748C3300A76A26 /* Preview Content */,
			);
			path = "ElixirConfChessWatch Watch App";
			sourceTree = "<group>";
		};
		00934D3D2A748C3300A76A26 /* Preview Content */ = {
			isa = PBXGroup;
			children = (
				00934D3E2A748C3300A76A26 /* Preview Assets.xcassets */,
			);
			path = "Preview Content";
			sourceTree = "<group>";
		};
/* End PBXGroup section */

/* Begin PBXNativeTarget section */
		00934CFA2A73187B00A76A26 /* ElixirConfChess */ = {
			isa = PBXNativeTarget;
			buildConfigurationList = 00934D0A2A73187D00A76A26 /* Build configuration list for PBXNativeTarget "ElixirConfChess" */;
			buildPhases = (
				00934CF72A73187B00A76A26 /* Sources */,
				00934CF82A73187B00A76A26 /* Frameworks */,
				00934CF92A73187B00A76A26 /* Resources */,
				00934D252A748A3300A76A26 /* Embed Watch Content */,
			);
			buildRules = (
			);
			dependencies = (
			);
			name = ElixirConfChess;
			packageProductDependencies = (
				00934D0E2A7318BE00A76A26 /* LiveViewNative */,
			);
			productName = ElixirConfChess;
			productReference = 00934CFB2A73187B00A76A26 /* ElixirConfChess.app */;
			productType = "com.apple.product-type.application";
		};
		00934D2C2A748C3100A76A26 /* ElixirConfChessWatch */ = {
			isa = PBXNativeTarget;
			buildConfigurationList = 00934D442A748C3300A76A26 /* Build configuration list for PBXNativeTarget "ElixirConfChessWatch" */;
			buildPhases = (
				00934D2B2A748C3100A76A26 /* Resources */,
				00934D432A748C3300A76A26 /* Embed Watch Content */,
			);
			buildRules = (
			);
			dependencies = (
				00934D352A748C3100A76A26 /* PBXTargetDependency */,
			);
			name = ElixirConfChessWatch;
			productName = ElixirConfChessWatch;
			productReference = 00934D2D2A748C3100A76A26 /* ElixirConfChessWatch.app */;
			productType = "com.apple.product-type.application.watchapp2-container";
		};
		00934D312A748C3100A76A26 /* ElixirConfChessWatch Watch App */ = {
			isa = PBXNativeTarget;
			buildConfigurationList = 00934D402A748C3300A76A26 /* Build configuration list for PBXNativeTarget "ElixirConfChessWatch Watch App" */;
			buildPhases = (
				00934D2E2A748C3100A76A26 /* Sources */,
				00934D2F2A748C3100A76A26 /* Frameworks */,
				00934D302A748C3100A76A26 /* Resources */,
			);
			buildRules = (
			);
			dependencies = (
			);
			name = "ElixirConfChessWatch Watch App";
			packageProductDependencies = (
				00934D472A748C4000A76A26 /* LiveViewNative */,
			);
			productName = "ElixirConfChessWatch Watch App";
			productReference = 00934D322A748C3100A76A26 /* ElixirConfChessWatch Watch App.app */;
			productType = "com.apple.product-type.application";
		};
/* End PBXNativeTarget section */

/* Begin PBXProject section */
		00934CF32A73187B00A76A26 /* Project object */ = {
			isa = PBXProject;
			attributes = {
				BuildIndependentTargetsInParallel = 1;
				LastSwiftUpdateCheck = 1500;
				LastUpgradeCheck = 1500;
				TargetAttributes = {
					00934CFA2A73187B00A76A26 = {
						CreatedOnToolsVersion = 15.0;
					};
					00934D2C2A748C3100A76A26 = {
						CreatedOnToolsVersion = 15.0;
					};
					00934D312A748C3100A76A26 = {
						CreatedOnToolsVersion = 15.0;
					};
				};
			};
			buildConfigurationList = 00934CF62A73187B00A76A26 /* Build configuration list for PBXProject "ElixirConfChess" */;
			compatibilityVersion = "Xcode 14.0";
			developmentRegion = en;
			hasScannedForEncodings = 0;
			knownRegions = (
				en,
				Base,
			);
			mainGroup = 00934CF22A73187B00A76A26;
			packageReferences = (
				00934D0D2A7318BE00A76A26 /* XCRemoteSwiftPackageReference "liveview-client-swiftui" */,
			);
			productRefGroup = 00934CFC2A73187B00A76A26 /* Products */;
			projectDirPath = "";
			projectRoot = "";
			targets = (
				00934CFA2A73187B00A76A26 /* ElixirConfChess */,
				00934D2C2A748C3100A76A26 /* ElixirConfChessWatch */,
				00934D312A748C3100A76A26 /* ElixirConfChessWatch Watch App */,
			);
		};
/* End PBXProject section */

/* Begin PBXResourcesBuildPhase section */
		00934CF92A73187B00A76A26 /* Resources */ = {
			isa = PBXResourcesBuildPhase;
			buildActionMask = 2147483647;
			files = (
				00934D072A73187D00A76A26 /* Preview Assets.xcassets in Resources */,
				00934D032A73187D00A76A26 /* Assets.xcassets in Resources */,
			);
			runOnlyForDeploymentPostprocessing = 0;
		};
		00934D2B2A748C3100A76A26 /* Resources */ = {
			isa = PBXResourcesBuildPhase;
			buildActionMask = 2147483647;
			files = (
			);
			runOnlyForDeploymentPostprocessing = 0;
		};
		00934D302A748C3100A76A26 /* Resources */ = {
			isa = PBXResourcesBuildPhase;
			buildActionMask = 2147483647;
			files = (
				00934D3F2A748C3300A76A26 /* Preview Assets.xcassets in Resources */,
				00934D3C2A748C3300A76A26 /* Assets.xcassets in Resources */,
			);
			runOnlyForDeploymentPostprocessing = 0;
		};
/* End PBXResourcesBuildPhase section */

/* Begin PBXSourcesBuildPhase section */
		00934CF72A73187B00A76A26 /* Sources */ = {
			isa = PBXSourcesBuildPhase;
			buildActionMask = 2147483647;
			files = (
				00934D012A73187B00A76A26 /* ContentView.swift in Sources */,
				00CDF06C2A7C32E4004BF4C5 /* ConnectionErrorView.swift in Sources */,
				00CDF06E2A7C3304004BF4C5 /* ChessProgressViewStyle.swift in Sources */,
				00934CFF2A73187B00A76A26 /* ElixirConfChessApp.swift in Sources */,
			);
			runOnlyForDeploymentPostprocessing = 0;
		};
		00934D2E2A748C3100A76A26 /* Sources */ = {
			isa = PBXSourcesBuildPhase;
			buildActionMask = 2147483647;
			files = (
				00934D3A2A748C3100A76A26 /* ContentView.swift in Sources */,
				00934D382A748C3100A76A26 /* ElixirConfChessWatchApp.swift in Sources */,
			);
			runOnlyForDeploymentPostprocessing = 0;
		};
/* End PBXSourcesBuildPhase section */

/* Begin PBXTargetDependency section */
		00934D352A748C3100A76A26 /* PBXTargetDependency */ = {
			isa = PBXTargetDependency;
			target = 00934D312A748C3100A76A26 /* ElixirConfChessWatch Watch App */;
			targetProxy = 00934D342A748C3100A76A26 /* PBXContainerItemProxy */;
		};
/* End PBXTargetDependency section */

/* Begin XCBuildConfiguration section */
		00934D082A73187D00A76A26 /* Debug */ = {
			isa = XCBuildConfiguration;
			buildSettings = {
				ALWAYS_SEARCH_USER_PATHS = NO;
				ASSETCATALOG_COMPILER_GENERATE_SWIFT_ASSET_SYMBOL_EXTENSIONS = YES;
				CLANG_ANALYZER_NONNULL = YES;
				CLANG_ANALYZER_NUMBER_OBJECT_CONVERSION = YES_AGGRESSIVE;
				CLANG_CXX_LANGUAGE_STANDARD = "gnu++20";
				CLANG_ENABLE_MODULES = YES;
				CLANG_ENABLE_OBJC_ARC = YES;
				CLANG_ENABLE_OBJC_WEAK = YES;
				CLANG_WARN_BLOCK_CAPTURE_AUTORELEASING = YES;
				CLANG_WARN_BOOL_CONVERSION = YES;
				CLANG_WARN_COMMA = YES;
				CLANG_WARN_CONSTANT_CONVERSION = YES;
				CLANG_WARN_DEPRECATED_OBJC_IMPLEMENTATIONS = YES;
				CLANG_WARN_DIRECT_OBJC_ISA_USAGE = YES_ERROR;
				CLANG_WARN_DOCUMENTATION_COMMENTS = YES;
				CLANG_WARN_EMPTY_BODY = YES;
				CLANG_WARN_ENUM_CONVERSION = YES;
				CLANG_WARN_INFINITE_RECURSION = YES;
				CLANG_WARN_INT_CONVERSION = YES;
				CLANG_WARN_NON_LITERAL_NULL_CONVERSION = YES;
				CLANG_WARN_OBJC_IMPLICIT_RETAIN_SELF = YES;
				CLANG_WARN_OBJC_LITERAL_CONVERSION = YES;
				CLANG_WARN_OBJC_ROOT_CLASS = YES_ERROR;
				CLANG_WARN_QUOTED_INCLUDE_IN_FRAMEWORK_HEADER = YES;
				CLANG_WARN_RANGE_LOOP_ANALYSIS = YES;
				CLANG_WARN_STRICT_PROTOTYPES = YES;
				CLANG_WARN_SUSPICIOUS_MOVE = YES;
				CLANG_WARN_UNGUARDED_AVAILABILITY = YES_AGGRESSIVE;
				CLANG_WARN_UNREACHABLE_CODE = YES;
				CLANG_WARN__DUPLICATE_METHOD_MATCH = YES;
				COPY_PHASE_STRIP = NO;
				DEBUG_INFORMATION_FORMAT = dwarf;
				ENABLE_STRICT_OBJC_MSGSEND = YES;
				ENABLE_TESTABILITY = YES;
				ENABLE_USER_SCRIPT_SANDBOXING = YES;
				GCC_C_LANGUAGE_STANDARD = gnu17;
				GCC_DYNAMIC_NO_PIC = NO;
				GCC_NO_COMMON_BLOCKS = YES;
				GCC_OPTIMIZATION_LEVEL = 0;
				GCC_PREPROCESSOR_DEFINITIONS = (
					"DEBUG=1",
					"$(inherited)",
				);
				GCC_WARN_64_TO_32_BIT_CONVERSION = YES;
				GCC_WARN_ABOUT_RETURN_TYPE = YES_ERROR;
				GCC_WARN_UNDECLARED_SELECTOR = YES;
				GCC_WARN_UNINITIALIZED_AUTOS = YES_AGGRESSIVE;
				GCC_WARN_UNUSED_FUNCTION = YES;
				GCC_WARN_UNUSED_VARIABLE = YES;
				LOCALIZATION_PREFERS_STRING_CATALOGS = YES;
				MTL_ENABLE_DEBUG_INFO = INCLUDE_SOURCE;
				MTL_FAST_MATH = YES;
				ONLY_ACTIVE_ARCH = YES;
				SWIFT_ACTIVE_COMPILATION_CONDITIONS = "DEBUG $(inherited)";
				SWIFT_OPTIMIZATION_LEVEL = "-Onone";
			};
			name = Debug;
		};
		00934D092A73187D00A76A26 /* Release */ = {
			isa = XCBuildConfiguration;
			buildSettings = {
				ALWAYS_SEARCH_USER_PATHS = NO;
				ASSETCATALOG_COMPILER_GENERATE_SWIFT_ASSET_SYMBOL_EXTENSIONS = YES;
				CLANG_ANALYZER_NONNULL = YES;
				CLANG_ANALYZER_NUMBER_OBJECT_CONVERSION = YES_AGGRESSIVE;
				CLANG_CXX_LANGUAGE_STANDARD = "gnu++20";
				CLANG_ENABLE_MODULES = YES;
				CLANG_ENABLE_OBJC_ARC = YES;
				CLANG_ENABLE_OBJC_WEAK = YES;
				CLANG_WARN_BLOCK_CAPTURE_AUTORELEASING = YES;
				CLANG_WARN_BOOL_CONVERSION = YES;
				CLANG_WARN_COMMA = YES;
				CLANG_WARN_CONSTANT_CONVERSION = YES;
				CLANG_WARN_DEPRECATED_OBJC_IMPLEMENTATIONS = YES;
				CLANG_WARN_DIRECT_OBJC_ISA_USAGE = YES_ERROR;
				CLANG_WARN_DOCUMENTATION_COMMENTS = YES;
				CLANG_WARN_EMPTY_BODY = YES;
				CLANG_WARN_ENUM_CONVERSION = YES;
				CLANG_WARN_INFINITE_RECURSION = YES;
				CLANG_WARN_INT_CONVERSION = YES;
				CLANG_WARN_NON_LITERAL_NULL_CONVERSION = YES;
				CLANG_WARN_OBJC_IMPLICIT_RETAIN_SELF = YES;
				CLANG_WARN_OBJC_LITERAL_CONVERSION = YES;
				CLANG_WARN_OBJC_ROOT_CLASS = YES_ERROR;
				CLANG_WARN_QUOTED_INCLUDE_IN_FRAMEWORK_HEADER = YES;
				CLANG_WARN_RANGE_LOOP_ANALYSIS = YES;
				CLANG_WARN_STRICT_PROTOTYPES = YES;
				CLANG_WARN_SUSPICIOUS_MOVE = YES;
				CLANG_WARN_UNGUARDED_AVAILABILITY = YES_AGGRESSIVE;
				CLANG_WARN_UNREACHABLE_CODE = YES;
				CLANG_WARN__DUPLICATE_METHOD_MATCH = YES;
				COPY_PHASE_STRIP = NO;
				DEBUG_INFORMATION_FORMAT = "dwarf-with-dsym";
				ENABLE_NS_ASSERTIONS = NO;
				ENABLE_STRICT_OBJC_MSGSEND = YES;
				ENABLE_USER_SCRIPT_SANDBOXING = YES;
				GCC_C_LANGUAGE_STANDARD = gnu17;
				GCC_NO_COMMON_BLOCKS = YES;
				GCC_WARN_64_TO_32_BIT_CONVERSION = YES;
				GCC_WARN_ABOUT_RETURN_TYPE = YES_ERROR;
				GCC_WARN_UNDECLARED_SELECTOR = YES;
				GCC_WARN_UNINITIALIZED_AUTOS = YES_AGGRESSIVE;
				GCC_WARN_UNUSED_FUNCTION = YES;
				GCC_WARN_UNUSED_VARIABLE = YES;
				LOCALIZATION_PREFERS_STRING_CATALOGS = YES;
				MTL_ENABLE_DEBUG_INFO = NO;
				MTL_FAST_MATH = YES;
				SWIFT_COMPILATION_MODE = wholemodule;
			};
			name = Release;
		};
		00934D0B2A73187D00A76A26 /* Debug */ = {
			isa = XCBuildConfiguration;
			buildSettings = {
				ALWAYS_EMBED_SWIFT_STANDARD_LIBRARIES = YES;
				ASSETCATALOG_COMPILER_APPICON_NAME = AppIcon;
				ASSETCATALOG_COMPILER_GLOBAL_ACCENT_COLOR_NAME = AccentColor;
				CODE_SIGN_ENTITLEMENTS = ElixirConfChess/ElixirConfChess.entitlements;
				CODE_SIGN_STYLE = Automatic;
				CURRENT_PROJECT_VERSION = 1;
				DEVELOPMENT_ASSET_PATHS = "\"ElixirConfChess/Preview Content\"";
				ENABLE_PREVIEWS = YES;
				GENERATE_INFOPLIST_FILE = YES;
				INFOPLIST_FILE = ElixirConfChess/Info.plist;
				"INFOPLIST_KEY_UIApplicationSceneManifest_Generation[sdk=iphoneos*]" = YES;
				"INFOPLIST_KEY_UIApplicationSceneManifest_Generation[sdk=iphonesimulator*]" = YES;
				"INFOPLIST_KEY_UIApplicationSupportsIndirectInputEvents[sdk=iphoneos*]" = YES;
				"INFOPLIST_KEY_UIApplicationSupportsIndirectInputEvents[sdk=iphonesimulator*]" = YES;
				"INFOPLIST_KEY_UILaunchScreen_Generation[sdk=iphoneos*]" = YES;
				"INFOPLIST_KEY_UILaunchScreen_Generation[sdk=iphonesimulator*]" = YES;
				"INFOPLIST_KEY_UIStatusBarStyle[sdk=iphoneos*]" = UIStatusBarStyleDefault;
				"INFOPLIST_KEY_UIStatusBarStyle[sdk=iphonesimulator*]" = UIStatusBarStyleDefault;
				INFOPLIST_KEY_UISupportedInterfaceOrientations_iPad = "UIInterfaceOrientationPortrait UIInterfaceOrientationPortraitUpsideDown UIInterfaceOrientationLandscapeLeft UIInterfaceOrientationLandscapeRight";
				INFOPLIST_KEY_UISupportedInterfaceOrientations_iPhone = "UIInterfaceOrientationPortrait UIInterfaceOrientationLandscapeLeft UIInterfaceOrientationLandscapeRight";
				IPHONEOS_DEPLOYMENT_TARGET = 17.0;
				LD_RUNPATH_SEARCH_PATHS = "@executable_path/Frameworks";
				"LD_RUNPATH_SEARCH_PATHS[sdk=macosx*]" = "@executable_path/../Frameworks";
				MACOSX_DEPLOYMENT_TARGET = 13.4;
				MARKETING_VERSION = 1.0;
				PRODUCT_BUNDLE_IDENTIFIER = com.carsonkatri.ElixirConfChess;
				PRODUCT_NAME = "$(TARGET_NAME)";
				SDKROOT = auto;
				SUPPORTED_PLATFORMS = "iphoneos iphonesimulator macosx";
				SWIFT_EMIT_LOC_STRINGS = YES;
				SWIFT_VERSION = 5.0;
				TARGETED_DEVICE_FAMILY = "1,2";
			};
			name = Debug;
		};
		00934D0C2A73187D00A76A26 /* Release */ = {
			isa = XCBuildConfiguration;
			buildSettings = {
				ALWAYS_EMBED_SWIFT_STANDARD_LIBRARIES = YES;
				ASSETCATALOG_COMPILER_APPICON_NAME = AppIcon;
				ASSETCATALOG_COMPILER_GLOBAL_ACCENT_COLOR_NAME = AccentColor;
				CODE_SIGN_ENTITLEMENTS = ElixirConfChess/ElixirConfChess.entitlements;
				CODE_SIGN_STYLE = Automatic;
				CURRENT_PROJECT_VERSION = 1;
				DEVELOPMENT_ASSET_PATHS = "\"ElixirConfChess/Preview Content\"";
				ENABLE_PREVIEWS = YES;
				GENERATE_INFOPLIST_FILE = YES;
				INFOPLIST_FILE = ElixirConfChess/Info.plist;
				"INFOPLIST_KEY_UIApplicationSceneManifest_Generation[sdk=iphoneos*]" = YES;
				"INFOPLIST_KEY_UIApplicationSceneManifest_Generation[sdk=iphonesimulator*]" = YES;
				"INFOPLIST_KEY_UIApplicationSupportsIndirectInputEvents[sdk=iphoneos*]" = YES;
				"INFOPLIST_KEY_UIApplicationSupportsIndirectInputEvents[sdk=iphonesimulator*]" = YES;
				"INFOPLIST_KEY_UILaunchScreen_Generation[sdk=iphoneos*]" = YES;
				"INFOPLIST_KEY_UILaunchScreen_Generation[sdk=iphonesimulator*]" = YES;
				"INFOPLIST_KEY_UIStatusBarStyle[sdk=iphoneos*]" = UIStatusBarStyleDefault;
				"INFOPLIST_KEY_UIStatusBarStyle[sdk=iphonesimulator*]" = UIStatusBarStyleDefault;
				INFOPLIST_KEY_UISupportedInterfaceOrientations_iPad = "UIInterfaceOrientationPortrait UIInterfaceOrientationPortraitUpsideDown UIInterfaceOrientationLandscapeLeft UIInterfaceOrientationLandscapeRight";
				INFOPLIST_KEY_UISupportedInterfaceOrientations_iPhone = "UIInterfaceOrientationPortrait UIInterfaceOrientationLandscapeLeft UIInterfaceOrientationLandscapeRight";
				IPHONEOS_DEPLOYMENT_TARGET = 17.0;
				LD_RUNPATH_SEARCH_PATHS = "@executable_path/Frameworks";
				"LD_RUNPATH_SEARCH_PATHS[sdk=macosx*]" = "@executable_path/../Frameworks";
				MACOSX_DEPLOYMENT_TARGET = 13.4;
				MARKETING_VERSION = 1.0;
				PRODUCT_BUNDLE_IDENTIFIER = com.carsonkatri.ElixirConfChess;
				PRODUCT_NAME = "$(TARGET_NAME)";
				SDKROOT = auto;
				SUPPORTED_PLATFORMS = "iphoneos iphonesimulator macosx";
				SWIFT_EMIT_LOC_STRINGS = YES;
				SWIFT_VERSION = 5.0;
				TARGETED_DEVICE_FAMILY = "1,2";
			};
			name = Release;
		};
		00934D412A748C3300A76A26 /* Debug */ = {
			isa = XCBuildConfiguration;
			buildSettings = {
				ASSETCATALOG_COMPILER_APPICON_NAME = AppIcon;
				ASSETCATALOG_COMPILER_GLOBAL_ACCENT_COLOR_NAME = AccentColor;
				CODE_SIGN_STYLE = Automatic;
				CURRENT_PROJECT_VERSION = 1;
				DEVELOPMENT_ASSET_PATHS = "\"ElixirConfChessWatch Watch App/Preview Content\"";
				ENABLE_PREVIEWS = YES;
				GENERATE_INFOPLIST_FILE = YES;
				INFOPLIST_KEY_CFBundleDisplayName = ElixirConfChessWatch;
				INFOPLIST_KEY_UISupportedInterfaceOrientations = "UIInterfaceOrientationPortrait UIInterfaceOrientationPortraitUpsideDown";
				INFOPLIST_KEY_WKWatchOnly = YES;
				LD_RUNPATH_SEARCH_PATHS = (
					"$(inherited)",
					"@executable_path/Frameworks",
				);
				MARKETING_VERSION = 1.0;
				PRODUCT_BUNDLE_IDENTIFIER = com.carsonkatri.ElixirConfChessWatch.watchkitapp;
				PRODUCT_NAME = "$(TARGET_NAME)";
				SDKROOT = watchos;
				SKIP_INSTALL = YES;
				SWIFT_EMIT_LOC_STRINGS = YES;
				SWIFT_VERSION = 5.0;
				TARGETED_DEVICE_FAMILY = 4;
				WATCHOS_DEPLOYMENT_TARGET = 10.0;
			};
			name = Debug;
		};
		00934D422A748C3300A76A26 /* Release */ = {
			isa = XCBuildConfiguration;
			buildSettings = {
				ASSETCATALOG_COMPILER_APPICON_NAME = AppIcon;
				ASSETCATALOG_COMPILER_GLOBAL_ACCENT_COLOR_NAME = AccentColor;
				CODE_SIGN_STYLE = Automatic;
				CURRENT_PROJECT_VERSION = 1;
				DEVELOPMENT_ASSET_PATHS = "\"ElixirConfChessWatch Watch App/Preview Content\"";
				ENABLE_PREVIEWS = YES;
				GENERATE_INFOPLIST_FILE = YES;
				INFOPLIST_KEY_CFBundleDisplayName = ElixirConfChessWatch;
				INFOPLIST_KEY_UISupportedInterfaceOrientations = "UIInterfaceOrientationPortrait UIInterfaceOrientationPortraitUpsideDown";
				INFOPLIST_KEY_WKWatchOnly = YES;
				LD_RUNPATH_SEARCH_PATHS = (
					"$(inherited)",
					"@executable_path/Frameworks",
				);
				MARKETING_VERSION = 1.0;
				PRODUCT_BUNDLE_IDENTIFIER = com.carsonkatri.ElixirConfChessWatch.watchkitapp;
				PRODUCT_NAME = "$(TARGET_NAME)";
				SDKROOT = watchos;
				SKIP_INSTALL = YES;
				SWIFT_EMIT_LOC_STRINGS = YES;
				SWIFT_VERSION = 5.0;
				TARGETED_DEVICE_FAMILY = 4;
				VALIDATE_PRODUCT = YES;
				WATCHOS_DEPLOYMENT_TARGET = 10.0;
			};
			name = Release;
		};
		00934D452A748C3300A76A26 /* Debug */ = {
			isa = XCBuildConfiguration;
			buildSettings = {
				ALWAYS_EMBED_SWIFT_STANDARD_LIBRARIES = YES;
				CODE_SIGN_STYLE = Automatic;
				CURRENT_PROJECT_VERSION = 1;
				INFOPLIST_KEY_CFBundleDisplayName = ElixirConfChessWatch;
				MARKETING_VERSION = 1.0;
				PRODUCT_BUNDLE_IDENTIFIER = com.carsonkatri.ElixirConfChessWatch;
				PRODUCT_NAME = "$(TARGET_NAME)";
				SDKROOT = iphoneos;
				SWIFT_VERSION = 5.0;
			};
			name = Debug;
		};
		00934D462A748C3300A76A26 /* Release */ = {
			isa = XCBuildConfiguration;
			buildSettings = {
				ALWAYS_EMBED_SWIFT_STANDARD_LIBRARIES = YES;
				CODE_SIGN_STYLE = Automatic;
				CURRENT_PROJECT_VERSION = 1;
				INFOPLIST_KEY_CFBundleDisplayName = ElixirConfChessWatch;
				MARKETING_VERSION = 1.0;
				PRODUCT_BUNDLE_IDENTIFIER = com.carsonkatri.ElixirConfChessWatch;
				PRODUCT_NAME = "$(TARGET_NAME)";
				SDKROOT = iphoneos;
				SWIFT_VERSION = 5.0;
				VALIDATE_PRODUCT = YES;
			};
			name = Release;
		};
/* End XCBuildConfiguration section */

/* Begin XCConfigurationList section */
		00934CF62A73187B00A76A26 /* Build configuration list for PBXProject "ElixirConfChess" */ = {
			isa = XCConfigurationList;
			buildConfigurations = (
				00934D082A73187D00A76A26 /* Debug */,
				00934D092A73187D00A76A26 /* Release */,
			);
			defaultConfigurationIsVisible = 0;
			defaultConfigurationName = Release;
		};
		00934D0A2A73187D00A76A26 /* Build configuration list for PBXNativeTarget "ElixirConfChess" */ = {
			isa = XCConfigurationList;
			buildConfigurations = (
				00934D0B2A73187D00A76A26 /* Debug */,
				00934D0C2A73187D00A76A26 /* Release */,
			);
			defaultConfigurationIsVisible = 0;
			defaultConfigurationName = Release;
		};
		00934D402A748C3300A76A26 /* Build configuration list for PBXNativeTarget "ElixirConfChessWatch Watch App" */ = {
			isa = XCConfigurationList;
			buildConfigurations = (
				00934D412A748C3300A76A26 /* Debug */,
				00934D422A748C3300A76A26 /* Release */,
			);
			defaultConfigurationIsVisible = 0;
			defaultConfigurationName = Release;
		};
		00934D442A748C3300A76A26 /* Build configuration list for PBXNativeTarget "ElixirConfChessWatch" */ = {
			isa = XCConfigurationList;
			buildConfigurations = (
				00934D452A748C3300A76A26 /* Debug */,
				00934D462A748C3300A76A26 /* Release */,
			);
			defaultConfigurationIsVisible = 0;
			defaultConfigurationName = Release;
		};
/* End XCConfigurationList section */

/* Begin XCRemoteSwiftPackageReference section */
		00934D0D2A7318BE00A76A26 /* XCRemoteSwiftPackageReference "liveview-client-swiftui" */ = {
			isa = XCRemoteSwiftPackageReference;
			repositoryURL = "https://github.com/liveview-native/liveview-client-swiftui";
			requirement = {
				branch = main;
				kind = branch;
			};
		};
/* End XCRemoteSwiftPackageReference section */

/* Begin XCSwiftPackageProductDependency section */
		00934D0E2A7318BE00A76A26 /* LiveViewNative */ = {
			isa = XCSwiftPackageProductDependency;
			package = 00934D0D2A7318BE00A76A26 /* XCRemoteSwiftPackageReference "liveview-client-swiftui" */;
			productName = LiveViewNative;
		};
		00934D472A748C4000A76A26 /* LiveViewNative */ = {
			isa = XCSwiftPackageProductDependency;
			package = 00934D0D2A7318BE00A76A26 /* XCRemoteSwiftPackageReference "liveview-client-swiftui" */;
			productName = LiveViewNative;
		};
/* End XCSwiftPackageProductDependency section */
	};
	rootObject = 00934CF32A73187B00A76A26 /* Project object */;
}
